
Microsoft Visual Studio Solution File, Format Version 12.00
# Visual Studio Version 17
VisualStudioVersion = 17.5.002.0
MinimumVisualStudioVersion = 10.0.40219.1
Project("{2150E333-8FDC-42A3-9474-1A3956D46DE8}") = "Labfiles", "Labfiles", "{3ABC2E6B-FF0B-4B6B-889C-96AD93512E98}"
EndProject
Project("{2150E333-8FDC-42A3-9474-1A3956D46DE8}") = "01-analyze-images", "01-analyze-images", "{57A019CB-98F8-4B0F-A405-2D92386C3A37}"
EndProject
Project("{2150E333-8FDC-42A3-9474-1A3956D46DE8}") = "C-Sharp", "C-Sharp", "{4CB6BFA9-80A9-494F-976D-8A47B5FBF5C6}"
EndProject
Project("{9A19103F-16F7-4668-BE54-9A1E7A4F7556}") = "image-analysis", "Labfiles\01-analyze-images\C-Sharp\image-analysis\image-analysis.csproj", "{C0A66C11-8F39-4E59-B0EA-AA747284CB27}"
EndProject
Project("{2150E333-8FDC-42A3-9474-1A3956D46DE8}") = "03-object-detection", "03-object-detection", "{DC63F225-E043-440B-93BA-44C4D990EC7D}"
EndProject
Project("{2150E333-8FDC-42A3-9474-1A3956D46DE8}") = "C-Sharp", "C-Sharp", "{4A0D40DF-C344-482B-99EB-C4819A407DFE}"
EndProject
Project("{9A19103F-16F7-4668-BE54-9A1E7A4F7556}") = "test-detector", "Labfiles\03-object-detection\C-Sharp\test-detector\test-detector.csproj", "{4203429F-6035-438F-9123-434F85F2FA76}"
EndProject
Project("{9A19103F-16F7-4668-BE54-9A1E7A4F7556}") = "train-detector", "Labfiles\03-object-detection\C-Sharp\train-detector\train-detector.csproj", "{A6BC192A-0188-4899-A006-E58ABC4E0F43}"
EndProject
Project("{2150E333-8FDC-42A3-9474-1A3956D46DE8}") = "04-face", "04-face", "{B1141D80-6DAE-465E-9FA9-B9786CAD6B17}"
EndProject
Project("{2150E333-8FDC-42A3-9474-1A3956D46DE8}") = "C-Sharp", "C-Sharp", "{67D85BA0-048D-413F-A664-668FF60CEF93}"
EndProject
Project("{9A19103F-16F7-4668-BE54-9A1E7A4F7556}") = "detect-people", "Labfiles\04-face\C-Sharp\computer-vision\detect-people.csproj", "{60F1C4AD-505D-4CB5-BD5C-CDBD0A08D41C}"
EndProject
Project("{9A19103F-16F7-4668-BE54-9A1E7A4F7556}") = "analyze-faces", "Labfiles\04-face\C-Sharp\face-api\analyze-faces.csproj", "{E26C7489-00FE-47A7-A313-A75F7DDF3410}"
EndProject
Project("{2150E333-8FDC-42A3-9474-1A3956D46DE8}") = "05-ocr", "05-ocr", "{BC64D33C-964F-4AC5-9341-84C821857983}"
EndProject
Project("{2150E333-8FDC-42A3-9474-1A3956D46DE8}") = "C-Sharp", "C-Sharp", "{3BEE4624-CC5A-4925-AB80-AD547E79E70B}"
EndProject
Project("{9A19103F-16F7-4668-BE54-9A1E7A4F7556}") = "read-text", "Labfiles\05-ocr\C-Sharp\read-text\read-text.csproj", "{E540B1A1-6501-4C24-A925-1CB5E4F94338}"
EndProject
Project("{2150E333-8FDC-42A3-9474-1A3956D46DE8}") = "07-custom-vision-image-classification", "07-custom-vision-image-classification", "{B2F2A053-732A-4DDA-9C20-A6ED51AA4370}"
EndProject
Project("{2150E333-8FDC-42A3-9474-1A3956D46DE8}") = "C-Sharp", "C-Sharp", "{1C0B9EEE-0373-43AE-A59B-9CF12F36FD71}"
EndProject
Project("{9A19103F-16F7-4668-BE54-9A1E7A4F7556}") = "test-classifier", "Labfiles\07-custom-vision-image-classification\C-Sharp\test-classifier\test-classifier.csproj", "{D3E57F00-35E9-4CCE-8808-653438B6D7C9}"
EndProject
Project("{9A19103F-16F7-4668-BE54-9A1E7A4F7556}") = "train-classifier", "Labfiles\07-custom-vision-image-classification\C-Sharp\train-classifier\train-classifier.csproj", "{EC14F760-FCE4-4ECB-A878-263F056A3C6A}"
EndProject
Global
	GlobalSection(SolutionConfigurationPlatforms) = preSolution
		Debug|Any CPU = Debug|Any CPU
		Release|Any CPU = Release|Any CPU
	EndGlobalSection
	GlobalSection(ProjectConfigurationPlatforms) = postSolution
		{C0A66C11-8F39-4E59-B0EA-AA747284CB27}.Debug|Any CPU.ActiveCfg = Debug|Any CPU
		{C0A66C11-8F39-4E59-B0EA-AA747284CB27}.Debug|Any CPU.Build.0 = Debug|Any CPU
		{C0A66C11-8F39-4E59-B0EA-AA747284CB27}.Release|Any CPU.ActiveCfg = Release|Any CPU
		{C0A66C11-8F39-4E59-B0EA-AA747284CB27}.Release|Any CPU.Build.0 = Release|Any CPU
		{4203429F-6035-438F-9123-434F85F2FA76}.Debug|Any CPU.ActiveCfg = Debug|Any CPU
		{4203429F-6035-438F-9123-434F85F2FA76}.Debug|Any CPU.Build.0 = Debug|Any CPU
		{4203429F-6035-438F-9123-434F85F2FA76}.Release|Any CPU.ActiveCfg = Release|Any CPU
		{4203429F-6035-438F-9123-434F85F2FA76}.Release|Any CPU.Build.0 = Release|Any CPU
		{A6BC192A-0188-4899-A006-E58ABC4E0F43}.Debug|Any CPU.ActiveCfg = Debug|Any CPU
		{A6BC192A-0188-4899-A006-E58ABC4E0F43}.Debug|Any CPU.Build.0 = Debug|Any CPU
		{A6BC192A-0188-4899-A006-E58ABC4E0F43}.Release|Any CPU.ActiveCfg = Release|Any CPU
		{A6BC192A-0188-4899-A006-E58ABC4E0F43}.Release|Any CPU.Build.0 = Release|Any CPU
		{60F1C4AD-505D-4CB5-BD5C-CDBD0A08D41C}.Debug|Any CPU.ActiveCfg = Debug|Any CPU
		{60F1C4AD-505D-4CB5-BD5C-CDBD0A08D41C}.Debug|Any CPU.Build.0 = Debug|Any CPU
		{60F1C4AD-505D-4CB5-BD5C-CDBD0A08D41C}.Release|Any CPU.ActiveCfg = Release|Any CPU
		{60F1C4AD-505D-4CB5-BD5C-CDBD0A08D41C}.Release|Any CPU.Build.0 = Release|Any CPU
		{E26C7489-00FE-47A7-A313-A75F7DDF3410}.Debug|Any CPU.ActiveCfg = Debug|Any CPU
		{E26C7489-00FE-47A7-A313-A75F7DDF3410}.Debug|Any CPU.Build.0 = Debug|Any CPU
		{E26C7489-00FE-47A7-A313-A75F7DDF3410}.Release|Any CPU.ActiveCfg = Release|Any CPU
		{E26C7489-00FE-47A7-A313-A75F7DDF3410}.Release|Any CPU.Build.0 = Release|Any CPU
		{E540B1A1-6501-4C24-A925-1CB5E4F94338}.Debug|Any CPU.ActiveCfg = Debug|Any CPU
		{E540B1A1-6501-4C24-A925-1CB5E4F94338}.Debug|Any CPU.Build.0 = Debug|Any CPU
		{E540B1A1-6501-4C24-A925-1CB5E4F94338}.Release|Any CPU.ActiveCfg = Release|Any CPU
		{E540B1A1-6501-4C24-A925-1CB5E4F94338}.Release|Any CPU.Build.0 = Release|Any CPU
		{D3E57F00-35E9-4CCE-8808-653438B6D7C9}.Debug|Any CPU.ActiveCfg = Debug|Any CPU
		{D3E57F00-35E9-4CCE-8808-653438B6D7C9}.Debug|Any CPU.Build.0 = Debug|Any CPU
		{D3E57F00-35E9-4CCE-8808-653438B6D7C9}.Release|Any CPU.ActiveCfg = Release|Any CPU
		{D3E57F00-35E9-4CCE-8808-653438B6D7C9}.Release|Any CPU.Build.0 = Release|Any CPU
		{EC14F760-FCE4-4ECB-A878-263F056A3C6A}.Debug|Any CPU.ActiveCfg = Debug|Any CPU
		{EC14F760-FCE4-4ECB-A878-263F056A3C6A}.Debug|Any CPU.Build.0 = Debug|Any CPU
		{EC14F760-FCE4-4ECB-A878-263F056A3C6A}.Release|Any CPU.ActiveCfg = Release|Any CPU
		{EC14F760-FCE4-4ECB-A878-263F056A3C6A}.Release|Any CPU.Build.0 = Release|Any CPU
	EndGlobalSection
	GlobalSection(SolutionProperties) = preSolution
		HideSolutionNode = FALSE
	EndGlobalSection
	GlobalSection(NestedProjects) = preSolution
		{57A019CB-98F8-4B0F-A405-2D92386C3A37} = {3ABC2E6B-FF0B-4B6B-889C-96AD93512E98}
		{4CB6BFA9-80A9-494F-976D-8A47B5FBF5C6} = {57A019CB-98F8-4B0F-A405-2D92386C3A37}
		{C0A66C11-8F39-4E59-B0EA-AA747284CB27} = {4CB6BFA9-80A9-494F-976D-8A47B5FBF5C6}
		{DC63F225-E043-440B-93BA-44C4D990EC7D} = {3ABC2E6B-FF0B-4B6B-889C-96AD93512E98}
		{4A0D40DF-C344-482B-99EB-C4819A407DFE} = {DC63F225-E043-440B-93BA-44C4D990EC7D}
		{4203429F-6035-438F-9123-434F85F2FA76} = {4A0D40DF-C344-482B-99EB-C4819A407DFE}
		{A6BC192A-0188-4899-A006-E58ABC4E0F43} = {4A0D40DF-C344-482B-99EB-C4819A407DFE}
		{B1141D80-6DAE-465E-9FA9-B9786CAD6B17} = {3ABC2E6B-FF0B-4B6B-889C-96AD93512E98}
		{67D85BA0-048D-413F-A664-668FF60CEF93} = {B1141D80-6DAE-465E-9FA9-B9786CAD6B17}
		{60F1C4AD-505D-4CB5-BD5C-CDBD0A08D41C} = {67D85BA0-048D-413F-A664-668FF60CEF93}
		{E26C7489-00FE-47A7-A313-A75F7DDF3410} = {67D85BA0-048D-413F-A664-668FF60CEF93}
		{BC64D33C-964F-4AC5-9341-84C821857983} = {3ABC2E6B-FF0B-4B6B-889C-96AD93512E98}
		{3BEE4624-CC5A-4925-AB80-AD547E79E70B} = {BC64D33C-964F-4AC5-9341-84C821857983}
		{E540B1A1-6501-4C24-A925-1CB5E4F94338} = {3BEE4624-CC5A-4925-AB80-AD547E79E70B}
		{B2F2A053-732A-4DDA-9C20-A6ED51AA4370} = {3ABC2E6B-FF0B-4B6B-889C-96AD93512E98}
		{1C0B9EEE-0373-43AE-A59B-9CF12F36FD71} = {B2F2A053-732A-4DDA-9C20-A6ED51AA4370}
		{D3E57F00-35E9-4CCE-8808-653438B6D7C9} = {1C0B9EEE-0373-43AE-A59B-9CF12F36FD71}
		{EC14F760-FCE4-4ECB-A878-263F056A3C6A} = {1C0B9EEE-0373-43AE-A59B-9CF12F36FD71}
	EndGlobalSection
	GlobalSection(ExtensibilityGlobals) = postSolution
		SolutionGuid = {86D823AE-A8C5-4816-824C-D6792343CC72}
	EndGlobalSection
EndGlobal
